
Microsoft Visual Studio Solution File, Format Version 12.00
# Visual Studio Version 16
VisualStudioVersion = 16.0.31729.503
MinimumVisualStudioVersion = 10.0.40219.1
Project("{8BC9CEB8-8B4A-11D0-8D11-00A0C91BC942}") = "Project1", "Project1\Project1.vcxproj", "{FA3F67B4-0BE9-4423-AAC5-9341A9D7B5D3}"
EndProject
Project("{8BC9CEB8-8B4A-11D0-8D11-00A0C91BC942}") = "lisflood", "LISFLOOD_Lib\lisflood.vcxproj", "{7A3A995C-8F5D-4987-8845-8243B3FA94FF}"
EndProject
Project("{8BC9CEB8-8B4A-11D0-8D11-00A0C91BC942}") = "SWMM_Lib", "SWMM_Lib\SWMM_Lib.vcxproj", "{CBC9C78E-EBE6-49D6-B20E-5B67113C7F1D}"
EndProject
Global
	GlobalSection(SolutionConfigurationPlatforms) = preSolution
		Debug|x64 = Debug|x64
		Debug|x86 = Debug|x86
		Release|x64 = Release|x64
		Release|x86 = Release|x86
	EndGlobalSection
	GlobalSection(ProjectConfigurationPlatforms) = postSolution
		{FA3F67B4-0BE9-4423-AAC5-9341A9D7B5D3}.Debug|x64.ActiveCfg = Debug|x64
		{FA3F67B4-0BE9-4423-AAC5-9341A9D7B5D3}.Debug|x64.Build.0 = Debug|x64
		{FA3F67B4-0BE9-4423-AAC5-9341A9D7B5D3}.Debug|x86.ActiveCfg = Debug|Win32
		{FA3F67B4-0BE9-4423-AAC5-9341A9D7B5D3}.Debug|x86.Build.0 = Debug|Win32
		{FA3F67B4-0BE9-4423-AAC5-9341A9D7B5D3}.Release|x64.ActiveCfg = Release|x64
		{FA3F67B4-0BE9-4423-AAC5-9341A9D7B5D3}.Release|x64.Build.0 = Release|x64
		{FA3F67B4-0BE9-4423-AAC5-9341A9D7B5D3}.Release|x86.ActiveCfg = Release|Win32
		{FA3F67B4-0BE9-4423-AAC5-9341A9D7B5D3}.Release|x86.Build.0 = Release|Win32
		{7A3A995C-8F5D-4987-8845-8243B3FA94FF}.Debug|x64.ActiveCfg = Debug|x64
		{7A3A995C-8F5D-4987-8845-8243B3FA94FF}.Debug|x64.Build.0 = Debug|x64
		{7A3A995C-8F5D-4987-8845-8243B3FA94FF}.Debug|x86.ActiveCfg = Debug|Win32
		{7A3A995C-8F5D-4987-8845-8243B3FA94FF}.Debug|x86.Build.0 = Debug|Win32
		{7A3A995C-8F5D-4987-8845-8243B3FA94FF}.Release|x64.ActiveCfg = Release|x64
		{7A3A995C-8F5D-4987-8845-8243B3FA94FF}.Release|x64.Build.0 = Release|x64
		{7A3A995C-8F5D-4987-8845-8243B3FA94FF}.Release|x86.ActiveCfg = Release|Win32
		{7A3A995C-8F5D-4987-8845-8243B3FA94FF}.Release|x86.Build.0 = Release|Win32
		{CBC9C78E-EBE6-49D6-B20E-5B67113C7F1D}.Debug|x64.ActiveCfg = Debug|x64
		{CBC9C78E-EBE6-49D6-B20E-5B67113C7F1D}.Debug|x86.ActiveCfg = Debug|Win32
		{CBC9C78E-EBE6-49D6-B20E-5B67113C7F1D}.Debug|x86.Build.0 = Debug|Win32
		{CBC9C78E-EBE6-49D6-B20E-5B67113C7F1D}.Release|x64.ActiveCfg = Release|Win32
		{CBC9C78E-EBE6-49D6-B20E-5B67113C7F1D}.Release|x86.ActiveCfg = Release|Win32
		{CBC9C78E-EBE6-49D6-B20E-5B67113C7F1D}.Release|x86.Build.0 = Release|Win32
	EndGlobalSection
	GlobalSection(SolutionProperties) = preSolution
		HideSolutionNode = FALSE
	EndGlobalSection
	GlobalSection(ExtensibilityGlobals) = postSolution
		SolutionGuid = {35A9BAFE-B364-4402-ACE2-3CB050177810}
	EndGlobalSection
EndGlobal
