<?xml version="1.0" encoding="utf-8"?>
<Project ToolsVersion="4.0" xmlns="http://schemas.microsoft.com/developer/msbuild/2003">
  <ItemGroup>
    <Filter Include="源文件">
      <UniqueIdentifier>{4FC737F1-C7A5-4376-A066-2A32D752A2FF}</UniqueIdentifier>
      <Extensions>cpp;c;cc;cxx;c++;cppm;ixx;def;odl;idl;hpj;bat;asm;asmx</Extensions>
    </Filter>
    <Filter Include="头文件">
      <UniqueIdentifier>{93995380-89BD-4b04-88EB-625FBE52EBFB}</UniqueIdentifier>
      <Extensions>h;hh;hpp;hxx;h++;hm;inl;inc;ipp;xsd</Extensions>
    </Filter>
    <Filter Include="资源文件">
      <UniqueIdentifier>{67DA6AB6-F800-4c08-8B7A-83BB121AAD01}</UniqueIdentifier>
      <Extensions>rc;ico;cur;bmp;dlg;rc2;rct;bin;rgs;gif;jpg;jpeg;jpe;resx;tiff;tif;png;wav;mfcribbon-ms</Extensions>
    </Filter>
  </ItemGroup>
  <ItemGroup>
    <None Include="src\.editorconfig" />
    <None Include="src\.gitignore" />
    <None Include="src\format" />
    <None Include="src\lisflood_lin_gus" />
    <None Include="src\LISFLOOD-FP user manual.doc" />
    <None Include="src\makefile" />
    <None Include="src\makefile_win" />
    <None Include="src\makefileGus" />
    <None Include="src\README.md" />
  </ItemGroup>
  <ItemGroup>
    <ClInclude Include="src\bmi_lisflood.h">
      <Filter>头文件</Filter>
    </ClInclude>
    <ClInclude Include="src\finalize.h">
      <Filter>头文件</Filter>
    </ClInclude>
    <ClInclude Include="src\global.h">
      <Filter>头文件</Filter>
    </ClInclude>
    <ClInclude Include="src\initialize.h">
      <Filter>头文件</Filter>
    </ClInclude>
    <ClInclude Include="src\lisflood.h">
      <Filter>头文件</Filter>
    </ClInclude>
    <ClInclude Include="src\update.h">
      <Filter>头文件</Filter>
    </ClInclude>
    <ClInclude Include="src\VersionHistory.h">
      <Filter>头文件</Filter>
    </ClInclude>
  </ItemGroup>
  <ItemGroup>
    <ClCompile Include="src\boundary.cpp">
      <Filter>源文件</Filter>
    </ClCompile>
    <ClCompile Include="src\ch_flow.cpp">
      <Filter>源文件</Filter>
    </ClCompile>
    <ClCompile Include="src\chkpnt.cpp">
      <Filter>源文件</Filter>
    </ClCompile>
    <ClCompile Include="src\finalize.cpp">
      <Filter>源文件</Filter>
    </ClCompile>
    <ClCompile Include="src\fp_acc.cpp">
      <Filter>源文件</Filter>
    </ClCompile>
    <ClCompile Include="src\fp_flow.cpp">
      <Filter>源文件</Filter>
    </ClCompile>
    <ClCompile Include="src\fp_trent.cpp">
      <Filter>源文件</Filter>
    </ClCompile>
    <ClCompile Include="src\infevap.cpp">
      <Filter>源文件</Filter>
    </ClCompile>
    <ClCompile Include="src\initialize.cpp">
      <Filter>源文件</Filter>
    </ClCompile>
    <ClCompile Include="src\input.cpp">
      <Filter>源文件</Filter>
    </ClCompile>
    <ClCompile Include="src\iterateq.cpp">
      <Filter>源文件</Filter>
    </ClCompile>
    <ClCompile Include="src\lib_bmi.cpp">
      <Filter>源文件</Filter>
    </ClCompile>
    <ClCompile Include="src\lisflood.cpp">
      <Filter>源文件</Filter>
    </ClCompile>
    <ClCompile Include="src\output.cpp">
      <Filter>源文件</Filter>
    </ClCompile>
    <ClCompile Include="src\pars.cpp">
      <Filter>源文件</Filter>
    </ClCompile>
    <ClCompile Include="src\por_flow.cpp">
      <Filter>源文件</Filter>
    </ClCompile>
    <ClCompile Include="src\sgc.cpp">
      <Filter>源文件</Filter>
    </ClCompile>
    <ClCompile Include="src\update.cpp">
      <Filter>源文件</Filter>
    </ClCompile>
    <ClCompile Include="src\util.cpp">
      <Filter>源文件</Filter>
    </ClCompile>
    <ClCompile Include="src\weir_flow.cpp">
      <Filter>源文件</Filter>
    </ClCompile>
  </ItemGroup>
  <ItemGroup>
    <Text Include="src\README.txt" />
  </ItemGroup>
</Project>